
Microsoft Visual Studio Solution File, Format Version 12.00
# Visual Studio Version 17
VisualStudioVersion = 17.11.35312.102
MinimumVisualStudioVersion = 10.0.40219.1
Project("{8BC9CEB8-8B4A-11D0-8D11-00A0C91BC942}") = "p16", "p16\p16.vcxproj", "{95C7465B-7404-4E3E-83D1-453B427FD115}"
EndProject
Global
	GlobalSection(SolutionConfigurationPlatforms) = preSolution
		Debug|x64 = Debug|x64
		Debug|x86 = Debug|x86
		Release|x64 = Release|x64
		Release|x86 = Release|x86
	EndGlobalSection
	GlobalSection(ProjectConfigurationPlatforms) = postSolution
		{95C7465B-7404-4E3E-83D1-453B427FD115}.Debug|x64.ActiveCfg = Debug|x64
		{95C7465B-7404-4E3E-83D1-453B427FD115}.Debug|x64.Build.0 = Debug|x64
		{95C7465B-7404-4E3E-83D1-453B427FD115}.Debug|x86.ActiveCfg = Debug|Win32
		{95C7465B-7404-4E3E-83D1-453B427FD115}.Debug|x86.Build.0 = Debug|Win32
		{95C7465B-7404-4E3E-83D1-453B427FD115}.Release|x64.ActiveCfg = Release|x64
		{95C7465B-7404-4E3E-83D1-453B427FD115}.Release|x64.Build.0 = Release|x64
		{95C7465B-7404-4E3E-83D1-453B427FD115}.Release|x86.ActiveCfg = Release|Win32
		{95C7465B-7404-4E3E-83D1-453B427FD115}.Release|x86.Build.0 = Release|Win32
	EndGlobalSection
	GlobalSection(SolutionProperties) = preSolution
		HideSolutionNode = FALSE
	EndGlobalSection
	GlobalSection(ExtensibilityGlobals) = postSolution
		SolutionGuid = {C5EC768E-C9C1-408C-9B7C-BE6F2B58B7B0}
	EndGlobalSection
EndGlobal
